
Microsoft Visual Studio Solution File, Format Version 12.00
# Visual Studio 15
VisualStudioVersion = 15.0.28307.1340
MinimumVisualStudioVersion = 10.0.40219.1
Project("{9A19103F-16F7-4668-BE54-9A1E7A4F7556}") = "Metotlar", "Metotlar\Metotlar.csproj", "{307BBE90-30C7-4F81-BFC8-AEC17F9B2F1D}"
EndProject
Project("{9A19103F-16F7-4668-BE54-9A1E7A4F7556}") = "Matematik", "Matematik\Matematik.csproj", "{67124D10-034D-489A-99A6-BA533D09DAFA}"
EndProject
Project("{FAE04EC0-301F-11D3-BF4B-00C04F79EFBC}") = "OOP1", "OOP1\OOP1.csproj", "{800833D9-2A53-480F-8ADD-7EE64D16FAED}"
EndProject
Project("{FAE04EC0-301F-11D3-BF4B-00C04F79EFBC}") = "Koleksiyonlar", "Koleksiyonlar\Koleksiyonlar.csproj", "{D43B35BB-07B5-491B-BB50-F392C582C16D}"
EndProject
Project("{FAE04EC0-301F-11D3-BF4B-00C04F79EFBC}") = "GenericsIntro", "GenericsIntro\GenericsIntro.csproj", "{66388813-7202-400C-97E7-B5E759F734AA}"
EndProject
Global
	GlobalSection(SolutionConfigurationPlatforms) = preSolution
		Debug|Any CPU = Debug|Any CPU
		Release|Any CPU = Release|Any CPU
	EndGlobalSection
	GlobalSection(ProjectConfigurationPlatforms) = postSolution
		{307BBE90-30C7-4F81-BFC8-AEC17F9B2F1D}.Debug|Any CPU.ActiveCfg = Debug|Any CPU
		{307BBE90-30C7-4F81-BFC8-AEC17F9B2F1D}.Debug|Any CPU.Build.0 = Debug|Any CPU
		{307BBE90-30C7-4F81-BFC8-AEC17F9B2F1D}.Release|Any CPU.ActiveCfg = Release|Any CPU
		{307BBE90-30C7-4F81-BFC8-AEC17F9B2F1D}.Release|Any CPU.Build.0 = Release|Any CPU
		{67124D10-034D-489A-99A6-BA533D09DAFA}.Debug|Any CPU.ActiveCfg = Debug|Any CPU
		{67124D10-034D-489A-99A6-BA533D09DAFA}.Debug|Any CPU.Build.0 = Debug|Any CPU
		{67124D10-034D-489A-99A6-BA533D09DAFA}.Release|Any CPU.ActiveCfg = Release|Any CPU
		{67124D10-034D-489A-99A6-BA533D09DAFA}.Release|Any CPU.Build.0 = Release|Any CPU
		{800833D9-2A53-480F-8ADD-7EE64D16FAED}.Debug|Any CPU.ActiveCfg = Debug|Any CPU
		{800833D9-2A53-480F-8ADD-7EE64D16FAED}.Debug|Any CPU.Build.0 = Debug|Any CPU
		{800833D9-2A53-480F-8ADD-7EE64D16FAED}.Release|Any CPU.ActiveCfg = Release|Any CPU
		{800833D9-2A53-480F-8ADD-7EE64D16FAED}.Release|Any CPU.Build.0 = Release|Any CPU
		{D43B35BB-07B5-491B-BB50-F392C582C16D}.Debug|Any CPU.ActiveCfg = Debug|Any CPU
		{D43B35BB-07B5-491B-BB50-F392C582C16D}.Debug|Any CPU.Build.0 = Debug|Any CPU
		{D43B35BB-07B5-491B-BB50-F392C582C16D}.Release|Any CPU.ActiveCfg = Release|Any CPU
		{D43B35BB-07B5-491B-BB50-F392C582C16D}.Release|Any CPU.Build.0 = Release|Any CPU
		{66388813-7202-400C-97E7-B5E759F734AA}.Debug|Any CPU.ActiveCfg = Debug|Any CPU
		{66388813-7202-400C-97E7-B5E759F734AA}.Debug|Any CPU.Build.0 = Debug|Any CPU
		{66388813-7202-400C-97E7-B5E759F734AA}.Release|Any CPU.ActiveCfg = Release|Any CPU
		{66388813-7202-400C-97E7-B5E759F734AA}.Release|Any CPU.Build.0 = Release|Any CPU
	EndGlobalSection
	GlobalSection(SolutionProperties) = preSolution
		HideSolutionNode = FALSE
	EndGlobalSection
	GlobalSection(ExtensibilityGlobals) = postSolution
		SolutionGuid = {25B49085-8213-4896-A641-952F72749EB4}
	EndGlobalSection
EndGlobal
